
Microsoft Visual Studio Solution File, Format Version 12.00
# Visual Studio Version 16
VisualStudioVersion = 16.0.30503.244
MinimumVisualStudioVersion = 10.0.40219.1
Project("{9A19103F-16F7-4668-BE54-9A1E7A4F7556}") = "SimpleTweaksPlugin", "SimpleTweaksPlugin.csproj", "{FAF7F5F2-708A-4FEA-BAE7-F73A3438A0D5}"
	ProjectSection(ProjectDependencies) = postProject
		{3DBAEE68-9D94-4807-BCB1-E42EDD52B489} = {3DBAEE68-9D94-4807-BCB1-E42EDD52B489}
	EndProjectSection
EndProject
Project("{9A19103F-16F7-4668-BE54-9A1E7A4F7556}") = "FFXIVClientStructs", "lib\FFXIVClientStructs\FFXIVClientStructs.csproj", "{3DBAEE68-9D94-4807-BCB1-E42EDD52B489}"
EndProject
Project("{FAE04EC0-301F-11D3-BF4B-00C04F79EFBC}") = "FFXIVClientInterface", "FFXIVClientInterface\FFXIVClientInterface.csproj", "{D6FD765C-566C-4110-B422-3D87B43A7BFA}"
EndProject
Global
	GlobalSection(SolutionConfigurationPlatforms) = preSolution
		Debug|Any CPU = Debug|Any CPU
		Release|Any CPU = Release|Any CPU
	EndGlobalSection
	GlobalSection(ProjectConfigurationPlatforms) = postSolution
		{FAF7F5F2-708A-4FEA-BAE7-F73A3438A0D5}.Debug|Any CPU.ActiveCfg = Debug|Any CPU
		{FAF7F5F2-708A-4FEA-BAE7-F73A3438A0D5}.Debug|Any CPU.Build.0 = Debug|Any CPU
		{FAF7F5F2-708A-4FEA-BAE7-F73A3438A0D5}.Release|Any CPU.ActiveCfg = Release|Any CPU
		{FAF7F5F2-708A-4FEA-BAE7-F73A3438A0D5}.Release|Any CPU.Build.0 = Release|Any CPU
		{3DBAEE68-9D94-4807-BCB1-E42EDD52B489}.Debug|Any CPU.ActiveCfg = Debug|Any CPU
		{3DBAEE68-9D94-4807-BCB1-E42EDD52B489}.Debug|Any CPU.Build.0 = Debug|Any CPU
		{3DBAEE68-9D94-4807-BCB1-E42EDD52B489}.Release|Any CPU.ActiveCfg = Release|Any CPU
		{3DBAEE68-9D94-4807-BCB1-E42EDD52B489}.Release|Any CPU.Build.0 = Release|Any CPU
		{D6FD765C-566C-4110-B422-3D87B43A7BFA}.Debug|Any CPU.ActiveCfg = Debug|Any CPU
		{D6FD765C-566C-4110-B422-3D87B43A7BFA}.Debug|Any CPU.Build.0 = Debug|Any CPU
		{D6FD765C-566C-4110-B422-3D87B43A7BFA}.Release|Any CPU.ActiveCfg = Release|Any CPU
		{D6FD765C-566C-4110-B422-3D87B43A7BFA}.Release|Any CPU.Build.0 = Release|Any CPU
	EndGlobalSection
	GlobalSection(SolutionProperties) = preSolution
		HideSolutionNode = FALSE
	EndGlobalSection
	GlobalSection(ExtensibilityGlobals) = postSolution
		SolutionGuid = {A0D4B5D1-85BF-47B6-AA76-5DF082E66E87}
	EndGlobalSection
EndGlobal
